[root]
name = "kernel"
version = "0.1.0"
dependencies = [
 "glob 0.2.11 (registry+https://github.com/rust-lang/crates.io-index)",
 "nasm-rs 0.0.7 (registry+https://github.com/rust-lang/crates.io-index)",
]

[[package]]
name = "drivers"
version = "0.1.0"

[[package]]
name = "glob"
version = "0.2.11"
source = "registry+https://github.com/rust-lang/crates.io-index"

[[package]]
name = "nasm-rs"
version = "0.0.7"
source = "registry+https://github.com/rust-lang/crates.io-index"

[metadata]
"checksum glob 0.2.11 (registry+https://github.com/rust-lang/crates.io-index)" = "8be18de09a56b60ed0edf84bc9df007e30040691af7acd1c41874faac5895bfb"
"checksum nasm-rs 0.0.7 (registry+https://github.com/rust-lang/crates.io-index)" = "89af38d13d13783fabebbcd150c854ecdfe64cc72e251ebc33e7aca1c1f9b376"
