[root]
name = "kernel"
version = "0.1.0"
dependencies = [
 "nasm-rs 0.0.7 (registry+https://github.com/rust-lang/crates.io-index)",
]

[[package]]
name = "drivers"
version = "0.1.0"

[[package]]
name = "nasm-rs"
version = "0.0.7"
source = "registry+https://github.com/rust-lang/crates.io-index"

[metadata]
"checksum nasm-rs 0.0.7 (registry+https://github.com/rust-lang/crates.io-index)" = "89af38d13d13783fabebbcd150c854ecdfe64cc72e251ebc33e7aca1c1f9b376"
